// !$*UTF8*$!
{
	archiveVersion = 1;
	classes = {
	};
	objectVersion = 48;
	objects = {

/* Begin PBXBuildFile section */
		48A8BACD201F21120095A2F9 /* SecondViewController.swift in Sources */ = {isa = PBXBuildFile; fileRef = 48A8BACC201F21120095A2F9 /* SecondViewController.swift */; };
		7FA27BDA20167C6300B6173F /* AppDelegate.swift in Sources */ = {isa = PBXBuildFile; fileRef = 7FA27BD920167C6300B6173F /* AppDelegate.swift */; };
		7FA27BDC20167C6300B6173F /* ViewController.swift in Sources */ = {isa = PBXBuildFile; fileRef = 7FA27BDB20167C6300B6173F /* ViewController.swift */; };
		7FA27BDF20167C6300B6173F /* Main.storyboard in Resources */ = {isa = PBXBuildFile; fileRef = 7FA27BDD20167C6300B6173F /* Main.storyboard */; };
		7FA27BE120167C6300B6173F /* Assets.xcassets in Resources */ = {isa = PBXBuildFile; fileRef = 7FA27BE020167C6300B6173F /* Assets.xcassets */; };
		7FA27BE420167C6300B6173F /* LaunchScreen.storyboard in Resources */ = {isa = PBXBuildFile; fileRef = 7FA27BE220167C6300B6173F /* LaunchScreen.storyboard */; };
		7FA27BEF20167C6400B6173F /* Hackwitch2Tests.swift in Sources */ = {isa = PBXBuildFile; fileRef = 7FA27BEE20167C6400B6173F /* Hackwitch2Tests.swift */; };
		7FA27BFA20167C6400B6173F /* Hackwitch2UITests.swift in Sources */ = {isa = PBXBuildFile; fileRef = 7FA27BF920167C6400B6173F /* Hackwitch2UITests.swift */; };
/* End PBXBuildFile section */

/* Begin PBXContainerItemProxy section */
		7FA27BEB20167C6400B6173F /* PBXContainerItemProxy */ = {
			isa = PBXContainerItemProxy;
			containerPortal = 7FA27BCE20167C6300B6173F /* Project object */;
			proxyType = 1;
			remoteGlobalIDString = 7FA27BD520167C6300B6173F;
			remoteInfo = Hackwitch2;
		};
		7FA27BF620167C6400B6173F /* PBXContainerItemProxy */ = {
			isa = PBXContainerItemProxy;
			containerPortal = 7FA27BCE20167C6300B6173F /* Project object */;
			proxyType = 1;
			remoteGlobalIDString = 7FA27BD520167C6300B6173F;
			remoteInfo = Hackwitch2;
		};
/* End PBXContainerItemProxy section */

/* Begin PBXFileReference section */
		48A8BACC201F21120095A2F9 /* SecondViewController.swift */ = {isa = PBXFileReference; lastKnownFileType = sourcecode.swift; path = SecondViewController.swift; sourceTree = "<group>"; };
		7FA27BD620167C6300B6173F /* Hackwitch2.app */ = {isa = PBXFileReference; explicitFileType = wrapper.application; includeInIndex = 0; path = Hackwitch2.app; sourceTree = BUILT_PRODUCTS_DIR; };
		7FA27BD920167C6300B6173F /* AppDelegate.swift */ = {isa = PBXFileReference; lastKnownFileType = sourcecode.swift; path = AppDelegate.swift; sourceTree = "<group>"; };
		7FA27BDB20167C6300B6173F /* ViewController.swift */ = {isa = PBXFileReference; lastKnownFileType = sourcecode.swift; path = ViewController.swift; sourceTree = "<group>"; };
		7FA27BDE20167C6300B6173F /* Base */ = {isa = PBXFileReference; lastKnownFileType = file.storyboard; name = Base; path = Base.lproj/Main.storyboard; sourceTree = "<group>"; };
		7FA27BE020167C6300B6173F /* Assets.xcassets */ = {isa = PBXFileReference; lastKnownFileType = folder.assetcatalog; path = Assets.xcassets; sourceTree = "<group>"; };
		7FA27BE320167C6300B6173F /* Base */ = {isa = PBXFileReference; lastKnownFileType = file.storyboard; name = Base; path = Base.lproj/LaunchScreen.storyboard; sourceTree = "<group>"; };
		7FA27BE520167C6300B6173F /* Info.plist */ = {isa = PBXFileReference; lastKnownFileType = text.plist.xml; path = Info.plist; sourceTree = "<group>"; };
		7FA27BEA20167C6400B6173F /* Hackwitch2Tests.xctest */ = {isa = PBXFileReference; explicitFileType = wrapper.cfbundle; includeInIndex = 0; path = Hackwitch2Tests.xctest; sourceTree = BUILT_PRODUCTS_DIR; };
		7FA27BEE20167C6400B6173F /* Hackwitch2Tests.swift */ = {isa = PBXFileReference; lastKnownFileType = sourcecode.swift; path = Hackwitch2Tests.swift; sourceTree = "<group>"; };
		7FA27BF020167C6400B6173F /* Info.plist */ = {isa = PBXFileReference; lastKnownFileType = text.plist.xml; path = Info.plist; sourceTree = "<group>"; };
		7FA27BF520167C6400B6173F /* Hackwitch2UITests.xctest */ = {isa = PBXFileReference; explicitFileType = wrapper.cfbundle; includeInIndex = 0; path = Hackwitch2UITests.xctest; sourceTree = BUILT_PRODUCTS_DIR; };
		7FA27BF920167C6400B6173F /* Hackwitch2UITests.swift */ = {isa = PBXFileReference; lastKnownFileType = sourcecode.swift; path = Hackwitch2UITests.swift; sourceTree = "<group>"; };
		7FA27BFB20167C6400B6173F /* Info.plist */ = {isa = PBXFileReference; lastKnownFileType = text.plist.xml; path = Info.plist; sourceTree = "<group>"; };
/* End PBXFileReference section */

/* Begin PBXFrameworksBuildPhase section */
		7FA27BD320167C6300B6173F /* Frameworks */ = {
			isa = PBXFrameworksBuildPhase;
			buildActionMask = 2147483647;
			files = (
			);
			runOnlyForDeploymentPostprocessing = 0;
		};
		7FA27BE720167C6400B6173F /* Frameworks */ = {
			isa = PBXFrameworksBuildPhase;
			buildActionMask = 2147483647;
			files = (
			);
			runOnlyForDeploymentPostprocessing = 0;
		};
		7FA27BF220167C6400B6173F /* Frameworks */ = {
			isa = PBXFrameworksBuildPhase;
			buildActionMask = 2147483647;
			files = (
			);
			runOnlyForDeploymentPostprocessing = 0;
		};
/* End PBXFrameworksBuildPhase section */

/* Begin PBXGroup section */
		7FA27BCD20167C6300B6173F = {
			isa = PBXGroup;
			children = (
				7FA27BD820167C6300B6173F /* Hackwitch2 */,
				7FA27BED20167C6400B6173F /* Hackwitch2Tests */,
				7FA27BF820167C6400B6173F /* Hackwitch2UITests */,
				7FA27BD720167C6300B6173F /* Products */,
			);
			sourceTree = "<group>";
		};
		7FA27BD720167C6300B6173F /* Products */ = {
			isa = PBXGroup;
			children = (
				7FA27BD620167C6300B6173F /* Hackwitch2.app */,
				7FA27BEA20167C6400B6173F /* Hackwitch2Tests.xctest */,
				7FA27BF520167C6400B6173F /* Hackwitch2UITests.xctest */,
			);
			name = Products;
			sourceTree = "<group>";
		};
		7FA27BD820167C6300B6173F /* Hackwitch2 */ = {
			isa = PBXGroup;
			children = (
				7FA27BD920167C6300B6173F /* AppDelegate.swift */,
				7FA27BDB20167C6300B6173F /* ViewController.swift */,
				7FA27BDD20167C6300B6173F /* Main.storyboard */,
				48A8BACC201F21120095A2F9 /* SecondViewController.swift */,
				7FA27BE020167C6300B6173F /* Assets.xcassets */,
				7FA27BE220167C6300B6173F /* LaunchScreen.storyboard */,
				7FA27BE520167C6300B6173F /* Info.plist */,
			);
			path = Hackwitch2;
			sourceTree = "<group>";
		};
		7FA27BED20167C6400B6173F /* Hackwitch2Tests */ = {
			isa = PBXGroup;
			children = (
				7FA27BEE20167C6400B6173F /* Hackwitch2Tests.swift */,
				7FA27BF020167C6400B6173F /* Info.plist */,
			);
			path = Hackwitch2Tests;
			sourceTree = "<group>";
		};
		7FA27BF820167C6400B6173F /* Hackwitch2UITests */ = {
			isa = PBXGroup;
			children = (
				7FA27BF920167C6400B6173F /* Hackwitch2UITests.swift */,
				7FA27BFB20167C6400B6173F /* Info.plist */,
			);
			path = Hackwitch2UITests;
			sourceTree = "<group>";
		};
/* End PBXGroup section */

/* Begin PBXNativeTarget section */
		7FA27BD520167C6300B6173F /* Hackwitch2 */ = {
			isa = PBXNativeTarget;
			buildConfigurationList = 7FA27BFE20167C6400B6173F /* Build configuration list for PBXNativeTarget "Hackwitch2" */;
			buildPhases = (
				7FA27BD220167C6300B6173F /* Sources */,
				7FA27BD320167C6300B6173F /* Frameworks */,
				7FA27BD420167C6300B6173F /* Resources */,
			);
			buildRules = (
			);
			dependencies = (
			);
			name = Hackwitch2;
			productName = Hackwitch2;
			productReference = 7FA27BD620167C6300B6173F /* Hackwitch2.app */;
			productType = "com.apple.product-type.application";
		};
		7FA27BE920167C6400B6173F /* Hackwitch2Tests */ = {
			isa = PBXNativeTarget;
			buildConfigurationList = 7FA27C0120167C6400B6173F /* Build configuration list for PBXNativeTarget "Hackwitch2Tests" */;
			buildPhases = (
				7FA27BE620167C6400B6173F /* Sources */,
				7FA27BE720167C6400B6173F /* Frameworks */,
				7FA27BE820167C6400B6173F /* Resources */,
			);
			buildRules = (
			);
			dependencies = (
				7FA27BEC20167C6400B6173F /* PBXTargetDependency */,
			);
			name = Hackwitch2Tests;
			productName = Hackwitch2Tests;
			productReference = 7FA27BEA20167C6400B6173F /* Hackwitch2Tests.xctest */;
			productType = "com.apple.product-type.bundle.unit-test";
		};
		7FA27BF420167C6400B6173F /* Hackwitch2UITests */ = {
			isa = PBXNativeTarget;
			buildConfigurationList = 7FA27C0420167C6400B6173F /* Build configuration list for PBXNativeTarget "Hackwitch2UITests" */;
			buildPhases = (
				7FA27BF120167C6400B6173F /* Sources */,
				7FA27BF220167C6400B6173F /* Frameworks */,
				7FA27BF320167C6400B6173F /* Resources */,
			);
			buildRules = (
			);
			dependencies = (
				7FA27BF720167C6400B6173F /* PBXTargetDependency */,
			);
			name = Hackwitch2UITests;
			productName = Hackwitch2UITests;
			productReference = 7FA27BF520167C6400B6173F /* Hackwitch2UITests.xctest */;
			productType = "com.apple.product-type.bundle.ui-testing";
		};
/* End PBXNativeTarget section */

/* Begin PBXProject section */
		7FA27BCE20167C6300B6173F /* Project object */ = {
			isa = PBXProject;
			attributes = {
				LastSwiftUpdateCheck = 0920;
				LastUpgradeCheck = 0920;
				ORGANIZATIONNAME = UHWO;
				TargetAttributes = {
					7FA27BD520167C6300B6173F = {
						CreatedOnToolsVersion = 9.2;
						ProvisioningStyle = Automatic;
					};
					7FA27BE920167C6400B6173F = {
						CreatedOnToolsVersion = 9.2;
						ProvisioningStyle = Automatic;
						TestTargetID = 7FA27BD520167C6300B6173F;
					};
					7FA27BF420167C6400B6173F = {
						CreatedOnToolsVersion = 9.2;
						ProvisioningStyle = Automatic;
						TestTargetID = 7FA27BD520167C6300B6173F;
					};
				};
			};
			buildConfigurationList = 7FA27BD120167C6300B6173F /* Build configuration list for PBXProject "Hackwitch2" */;
			compatibilityVersion = "Xcode 8.0";
			developmentRegion = en;
			hasScannedForEncodings = 0;
			knownRegions = (
				en,
				Base,
			);
			mainGroup = 7FA27BCD20167C6300B6173F;
			productRefGroup = 7FA27BD720167C6300B6173F /* Products */;
			projectDirPath = "";
			projectRoot = "";
			targets = (
				7FA27BD520167C6300B6173F /* Hackwitch2 */,
				7FA27BE920167C6400B6173F /* Hackwitch2Tests */,
				7FA27BF420167C6400B6173F /* Hackwitch2UITests */,
			);
		};
/* End PBXProject section */

/* Begin PBXResourcesBuildPhase section */
		7FA27BD420167C6300B6173F /* Resources */ = {
			isa = PBXResourcesBuildPhase;
			buildActionMask = 2147483647;
			files = (
				7FA27BE420167C6300B6173F /* LaunchScreen.storyboard in Resources */,
				7FA27BE120167C6300B6173F /* Assets.xcassets in Resources */,
				7FA27BDF20167C6300B6173F /* Main.storyboard in Resources */,
			);
			runOnlyForDeploymentPostprocessing = 0;
		};
		7FA27BE820167C6400B6173F /* Resources */ = {
			isa = PBXResourcesBuildPhase;
			buildActionMask = 2147483647;
			files = (
			);
			runOnlyForDeploymentPostprocessing = 0;
		};
		7FA27BF320167C6400B6173F /* Resources */ = {
			isa = PBXResourcesBuildPhase;
			buildActionMask = 2147483647;
			files = (
			);
			runOnlyForDeploymentPostprocessing = 0;
		};
/* End PBXResourcesBuildPhase section */

/* Begin PBXSourcesBuildPhase section */
		7FA27BD220167C6300B6173F /* Sources */ = {
			isa = PBXSourcesBuildPhase;
			buildActionMask = 2147483647;
			files = (
				48A8BACD201F21120095A2F9 /* SecondViewController.swift in Sources */,
				7FA27BDC20167C6300B6173F /* ViewController.swift in Sources */,
				7FA27BDA20167C6300B6173F /* AppDelegate.swift in Sources */,
			);
			runOnlyForDeploymentPostprocessing = 0;
		};
		7FA27BE620167C6400B6173F /* Sources */ = {
			isa = PBXSourcesBuildPhase;
			buildActionMask = 2147483647;
			files = (
				7FA27BEF20167C6400B6173F /* Hackwitch2Tests.swift in Sources */,
			);
			runOnlyForDeploymentPostprocessing = 0;
		};
		7FA27BF120167C6400B6173F /* Sources */ = {
			isa = PBXSourcesBuildPhase;
			buildActionMask = 2147483647;
			files = (
				7FA27BFA20167C6400B6173F /* Hackwitch2UITests.swift in Sources */,
			);
			runOnlyForDeploymentPostprocessing = 0;
		};
/* End PBXSourcesBuildPhase section */

/* Begin PBXTargetDependency section */
		7FA27BEC20167C6400B6173F /* PBXTargetDependency */ = {
			isa = PBXTargetDependency;
			target = 7FA27BD520167C6300B6173F /* Hackwitch2 */;
			targetProxy = 7FA27BEB20167C6400B6173F /* PBXContainerItemProxy */;
		};
		7FA27BF720167C6400B6173F /* PBXTargetDependency */ = {
			isa = PBXTargetDependency;
			target = 7FA27BD520167C6300B6173F /* Hackwitch2 */;
			targetProxy = 7FA27BF620167C6400B6173F /* PBXContainerItemProxy */;
		};
/* End PBXTargetDependency section */

/* Begin PBXVariantGroup section */
		7FA27BDD20167C6300B6173F /* Main.storyboard */ = {
			isa = PBXVariantGroup;
			children = (
				7FA27BDE20167C6300B6173F /* Base */,
			);
			name = Main.storyboard;
			sourceTree = "<group>";
		};
		7FA27BE220167C6300B6173F /* LaunchScreen.storyboard */ = {
			isa = PBXVariantGroup;
			children = (
				7FA27BE320167C6300B6173F /* Base */,
			);
			name = LaunchScreen.storyboard;
			sourceTree = "<group>";
		};
/* End PBXVariantGroup section */

/* Begin XCBuildConfiguration section */
		7FA27BFC20167C6400B6173F /* Debug */ = {
			isa = XCBuildConfiguration;
			buildSettings = {
				ALWAYS_SEARCH_USER_PATHS = NO;
				CLANG_ANALYZER_NONNULL = YES;
				CLANG_ANALYZER_NUMBER_OBJECT_CONVERSION = YES_AGGRESSIVE;
				CLANG_CXX_LANGUAGE_STANDARD = "gnu++14";
				CLANG_CXX_LIBRARY = "libc++";
				CLANG_ENABLE_MODULES = YES;
				CLANG_ENABLE_OBJC_ARC = YES;
				CLANG_WARN_BLOCK_CAPTURE_AUTORELEASING = YES;
				CLANG_WARN_BOOL_CONVERSION = YES;
				CLANG_WARN_COMMA = YES;
				CLANG_WARN_CONSTANT_CONVERSION = YES;
				CLANG_WARN_DIRECT_OBJC_ISA_USAGE = YES_ERROR;
				CLANG_WARN_DOCUMENTATION_COMMENTS = YES;
				CLANG_WARN_EMPTY_BODY = YES;
				CLANG_WARN_ENUM_CONVERSION = YES;
				CLANG_WARN_INFINITE_RECURSION = YES;
				CLANG_WARN_INT_CONVERSION = YES;
				CLANG_WARN_NON_LITERAL_NULL_CONVERSION = YES;
				CLANG_WARN_OBJC_LITERAL_CONVERSION = YES;
				CLANG_WARN_OBJC_ROOT_CLASS = YES_ERROR;
				CLANG_WARN_RANGE_LOOP_ANALYSIS = YES;
				CLANG_WARN_STRICT_PROTOTYPES = YES;
				CLANG_WARN_SUSPICIOUS_MOVE = YES;
				CLANG_WARN_UNGUARDED_AVAILABILITY = YES_AGGRESSIVE;
				CLANG_WARN_UNREACHABLE_CODE = YES;
				CLANG_WARN__DUPLICATE_METHOD_MATCH = YES;
				CODE_SIGN_IDENTITY = "iPhone Developer";
				COPY_PHASE_STRIP = NO;
				DEBUG_INFORMATION_FORMAT = dwarf;
				ENABLE_STRICT_OBJC_MSGSEND = YES;
				ENABLE_TESTABILITY = YES;
				GCC_C_LANGUAGE_STANDARD = gnu11;
				GCC_DYNAMIC_NO_PIC = NO;
				GCC_NO_COMMON_BLOCKS = YES;
				GCC_OPTIMIZATION_LEVEL = 0;
				GCC_PREPROCESSOR_DEFINITIONS = (
					"DEBUG=1",
					"$(inherited)",
				);
				GCC_WARN_64_TO_32_BIT_CONVERSION = YES;
				GCC_WARN_ABOUT_RETURN_TYPE = YES_ERROR;
				GCC_WARN_UNDECLARED_SELECTOR = YES;
				GCC_WARN_UNINITIALIZED_AUTOS = YES_AGGRESSIVE;
				GCC_WARN_UNUSED_FUNCTION = YES;
				GCC_WARN_UNUSED_VARIABLE = YES;
				IPHONEOS_DEPLOYMENT_TARGET = 11.2;
				MTL_ENABLE_DEBUG_INFO = YES;
				ONLY_ACTIVE_ARCH = YES;
				SDKROOT = iphoneos;
				SWIFT_ACTIVE_COMPILATION_CONDITIONS = DEBUG;
				SWIFT_OPTIMIZATION_LEVEL = "-Onone";
			};
			name = Debug;
		};
		7FA27BFD20167C6400B6173F /* Release */ = {
			isa = XCBuildConfiguration;
			buildSettings = {
				ALWAYS_SEARCH_USER_PATHS = NO;
				CLANG_ANALYZER_NONNULL = YES;
				CLANG_ANALYZER_NUMBER_OBJECT_CONVERSION = YES_AGGRESSIVE;
				CLANG_CXX_LANGUAGE_STANDARD = "gnu++14";
				CLANG_CXX_LIBRARY = "libc++";
				CLANG_ENABLE_MODULES = YES;
				CLANG_ENABLE_OBJC_ARC = YES;
				CLANG_WARN_BLOCK_CAPTURE_AUTORELEASING = YES;
				CLANG_WARN_BOOL_CONVERSION = YES;
				CLANG_WARN_COMMA = YES;
				CLANG_WARN_CONSTANT_CONVERSION = YES;
				CLANG_WARN_DIRECT_OBJC_ISA_USAGE = YES_ERROR;
				CLANG_WARN_DOCUMENTATION_COMMENTS = YES;
				CLANG_WARN_EMPTY_BODY = YES;
				CLANG_WARN_ENUM_CONVERSION = YES;
				CLANG_WARN_INFINITE_RECURSION = YES;
				CLANG_WARN_INT_CONVERSION = YES;
				CLANG_WARN_NON_LITERAL_NULL_CONVERSION = YES;
				CLANG_WARN_OBJC_LITERAL_CONVERSION = YES;
				CLANG_WARN_OBJC_ROOT_CLASS = YES_ERROR;
				CLANG_WARN_RANGE_LOOP_ANALYSIS = YES;
				CLANG_WARN_STRICT_PROTOTYPES = YES;
				CLANG_WARN_SUSPICIOUS_MOVE = YES;
				CLANG_WARN_UNGUARDED_AVAILABILITY = YES_AGGRESSIVE;
				CLANG_WARN_UNREACHABLE_CODE = YES;
				CLANG_WARN__DUPLICATE_METHOD_MATCH = YES;
				CODE_SIGN_IDENTITY = "iPhone Developer";
				COPY_PHASE_STRIP = NO;
				DEBUG_INFORMATION_FORMAT = "dwarf-with-dsym";
				ENABLE_NS_ASSERTIONS = NO;
				ENABLE_STRICT_OBJC_MSGSEND = YES;
				GCC_C_LANGUAGE_STANDARD = gnu11;
				GCC_NO_COMMON_BLOCKS = YES;
				GCC_WARN_64_TO_32_BIT_CONVERSION = YES;
				GCC_WARN_ABOUT_RETURN_TYPE = YES_ERROR;
				GCC_WARN_UNDECLARED_SELECTOR = YES;
				GCC_WARN_UNINITIALIZED_AUTOS = YES_AGGRESSIVE;
				GCC_WARN_UNUSED_FUNCTION = YES;
				GCC_WARN_UNUSED_VARIABLE = YES;
				IPHONEOS_DEPLOYMENT_TARGET = 11.2;
				MTL_ENABLE_DEBUG_INFO = NO;
				SDKROOT = iphoneos;
				SWIFT_OPTIMIZATION_LEVEL = "-Owholemodule";
				VALIDATE_PRODUCT = YES;
			};
			name = Release;
		};
		7FA27BFF20167C6400B6173F /* Debug */ = {
			isa = XCBuildConfiguration;
			buildSettings = {
				ASSETCATALOG_COMPILER_APPICON_NAME = AppIcon;
				CODE_SIGN_STYLE = Automatic;
				INFOPLIST_FILE = Hackwitch2/Info.plist;
				LD_RUNPATH_SEARCH_PATHS = "$(inherited) @executable_path/Frameworks";
				PRODUCT_BUNDLE_IDENTIFIER = calvior.Hackwitch2;
				PRODUCT_NAME = "$(TARGET_NAME)";
				SWIFT_VERSION = 4.0;
				TARGETED_DEVICE_FAMILY = "1,2";
			};
			name = Debug;
		};
		7FA27C0020167C6400B6173F /* Release */ = {
			isa = XCBuildConfiguration;
			buildSettings = {
				ASSETCATALOG_COMPILER_APPICON_NAME = AppIcon;
				CODE_SIGN_STYLE = Automatic;
				INFOPLIST_FILE = Hackwitch2/Info.plist;
				LD_RUNPATH_SEARCH_PATHS = "$(inherited) @executable_path/Frameworks";
				PRODUCT_BUNDLE_IDENTIFIER = calvior.Hackwitch2;
				PRODUCT_NAME = "$(TARGET_NAME)";
				SWIFT_VERSION = 4.0;
				TARGETED_DEVICE_FAMILY = "1,2";
			};
			name = Release;
		};
		7FA27C0220167C6400B6173F /* Debug */ = {
			isa = XCBuildConfiguration;
			buildSettings = {
				ALWAYS_EMBED_SWIFT_STANDARD_LIBRARIES = YES;
				BUNDLE_LOADER = "$(TEST_HOST)";
				CODE_SIGN_STYLE = Automatic;
				INFOPLIST_FILE = Hackwitch2Tests/Info.plist;
				LD_RUNPATH_SEARCH_PATHS = "$(inherited) @executable_path/Frameworks @loader_path/Frameworks";
				PRODUCT_BUNDLE_IDENTIFIER = calvior.Hackwitch2Tests;
				PRODUCT_NAME = "$(TARGET_NAME)";
				SWIFT_VERSION = 4.0;
				TARGETED_DEVICE_FAMILY = "1,2";
				TEST_HOST = "$(BUILT_PRODUCTS_DIR)/Hackwitch2.app/Hackwitch2";
			};
			name = Debug;
		};
		7FA27C0320167C6400B6173F /* Release */ = {
			isa = XCBuildConfiguration;
			buildSettings = {
				ALWAYS_EMBED_SWIFT_STANDARD_LIBRARIES = YES;
				BUNDLE_LOADER = "$(TEST_HOST)";
				CODE_SIGN_STYLE = Automatic;
				INFOPLIST_FILE = Hackwitch2Tests/Info.plist;
				LD_RUNPATH_SEARCH_PATHS = "$(inherited) @executable_path/Frameworks @loader_path/Frameworks";
				PRODUCT_BUNDLE_IDENTIFIER = calvior.Hackwitch2Tests;
				PRODUCT_NAME = "$(TARGET_NAME)";
				SWIFT_VERSION = 4.0;
				TARGETED_DEVICE_FAMILY = "1,2";
				TEST_HOST = "$(BUILT_PRODUCTS_DIR)/Hackwitch2.app/Hackwitch2";
			};
			name = Release;
		};
		7FA27C0520167C6400B6173F /* Debug */ = {
			isa = XCBuildConfiguration;
			buildSettings = {
				ALWAYS_EMBED_SWIFT_STANDARD_LIBRARIES = YES;
				CODE_SIGN_STYLE = Automatic;
				INFOPLIST_FILE = Hackwitch2UITests/Info.plist;
				LD_RUNPATH_SEARCH_PATHS = "$(inherited) @executable_path/Frameworks @loader_path/Frameworks";
				PRODUCT_BUNDLE_IDENTIFIER = calvior.Hackwitch2UITests;
				PRODUCT_NAME = "$(TARGET_NAME)";
				SWIFT_VERSION = 4.0;
				TARGETED_DEVICE_FAMILY = "1,2";
				TEST_TARGET_NAME = Hackwitch2;
			};
			name = Debug;
		};
		7FA27C0620167C6400B6173F /* Release */ = {
			isa = XCBuildConfiguration;
			buildSettings = {
				ALWAYS_EMBED_SWIFT_STANDARD_LIBRARIES = YES;
				CODE_SIGN_STYLE = Automatic;
				INFOPLIST_FILE = Hackwitch2UITests/Info.plist;
				LD_RUNPATH_SEARCH_PATHS = "$(inherited) @executable_path/Frameworks @loader_path/Frameworks";
				PRODUCT_BUNDLE_IDENTIFIER = calvior.Hackwitch2UITests;
				PRODUCT_NAME = "$(TARGET_NAME)";
				SWIFT_VERSION = 4.0;
				TARGETED_DEVICE_FAMILY = "1,2";
				TEST_TARGET_NAME = Hackwitch2;
			};
			name = Release;
		};
/* End XCBuildConfiguration section */

/* Begin XCConfigurationList section */
		7FA27BD120167C6300B6173F /* Build configuration list for PBXProject "Hackwitch2" */ = {
			isa = XCConfigurationList;
			buildConfigurations = (
				7FA27BFC20167C6400B6173F /* Debug */,
				7FA27BFD20167C6400B6173F /* Release */,
			);
			defaultConfigurationIsVisible = 0;
			defaultConfigurationName = Release;
		};
		7FA27BFE20167C6400B6173F /* Build configuration list for PBXNativeTarget "Hackwitch2" */ = {
			isa = XCConfigurationList;
			buildConfigurations = (
				7FA27BFF20167C6400B6173F /* Debug */,
				7FA27C0020167C6400B6173F /* Release */,
			);
			defaultConfigurationIsVisible = 0;
			defaultConfigurationName = Release;
		};
		7FA27C0120167C6400B6173F /* Build configuration list for PBXNativeTarget "Hackwitch2Tests" */ = {
			isa = XCConfigurationList;
			buildConfigurations = (
				7FA27C0220167C6400B6173F /* Debug */,
				7FA27C0320167C6400B6173F /* Release */,
			);
			defaultConfigurationIsVisible = 0;
			defaultConfigurationName = Release;
		};
		7FA27C0420167C6400B6173F /* Build configuration list for PBXNativeTarget "Hackwitch2UITests" */ = {
			isa = XCConfigurationList;
			buildConfigurations = (
				7FA27C0520167C6400B6173F /* Debug */,
				7FA27C0620167C6400B6173F /* Release */,
			);
			defaultConfigurationIsVisible = 0;
			defaultConfigurationName = Release;
		};
/* End XCConfigurationList section */
	};
	rootObject = 7FA27BCE20167C6300B6173F /* Project object */;
}
